// !$*UTF8*$!
{
	archiveVersion = 1;
	classes = {
	};
	objectVersion = 50;
	objects = {

/* Begin PBXBuildFile section */
		BB776AA12568C346006BDCEF /* BalloonMarker.swift in Sources */ = {isa = PBXBuildFile; fileRef = BB776A9E2568C346006BDCEF /* BalloonMarker.swift */; };
		BB92BA10256759E600D0FB13 /* PieChart.swift in Sources */ = {isa = PBXBuildFile; fileRef = BB92BA0F256759E600D0FB13 /* PieChart.swift */; };
		BB92BA1425676E8900D0FB13 /* SamplePieChartData.swift in Sources */ = {isa = PBXBuildFile; fileRef = BB92BA1325676E8900D0FB13 /* SamplePieChartData.swift */; };
		BB92BA1725679EBC00D0FB13 /* PCView.swift in Sources */ = {isa = PBXBuildFile; fileRef = BB92BA1625679EBC00D0FB13 /* PCView.swift */; };
		BBC3C5B32562029300E3FFFD /* Charts_SwiftUIApp.swift in Sources */ = {isa = PBXBuildFile; fileRef = BBC3C5B22562029300E3FFFD /* Charts_SwiftUIApp.swift */; };
		BBC3C5B52562029300E3FFFD /* BCView.swift in Sources */ = {isa = PBXBuildFile; fileRef = BBC3C5B42562029300E3FFFD /* BCView.swift */; };
		BBC3C5B72562029400E3FFFD /* Assets.xcassets in Resources */ = {isa = PBXBuildFile; fileRef = BBC3C5B62562029400E3FFFD /* Assets.xcassets */; };
		BBC3C5BA2562029400E3FFFD /* Preview Assets.xcassets in Resources */ = {isa = PBXBuildFile; fileRef = BBC3C5B92562029400E3FFFD /* Preview Assets.xcassets */; };
		BBC3C5D3256207F200E3FFFD /* BarChart.swift in Sources */ = {isa = PBXBuildFile; fileRef = BBC3C5D2256207F200E3FFFD /* BarChart.swift */; };
		BBD53E4C256603F600C68F55 /* GroupedBarChart.swift in Sources */ = {isa = PBXBuildFile; fileRef = BBD53E4B256603F600C68F55 /* GroupedBarChart.swift */; };
		BBD53E4E2566163600C68F55 /* SampleBarChartData.swift in Sources */ = {isa = PBXBuildFile; fileRef = BBD53E4D2566163600C68F55 /* SampleBarChartData.swift */; };
		BBD8978E256857AA001404F3 /* TabbedStartView.swift in Sources */ = {isa = PBXBuildFile; fileRef = BBD8978D256857AA001404F3 /* TabbedStartView.swift */; };
		BBD8979425688AA3001404F3 /* LineChrtView.swift in Sources */ = {isa = PBXBuildFile; fileRef = BBD8979325688AA3001404F3 /* LineChrtView.swift */; };
		BBD8979825688B06001404F3 /* LineChart.swift in Sources */ = {isa = PBXBuildFile; fileRef = BBD8979725688B06001404F3 /* LineChart.swift */; };
		BBF4266225662EBC00BCC31D /* GroupedBCView.swift in Sources */ = {isa = PBXBuildFile; fileRef = BBF4266125662EBC00BCC31D /* GroupedBCView.swift */; };
		BBF4E9C2256364D6001BB1DB /* Charts.framework in Frameworks */ = {isa = PBXBuildFile; fileRef = BBF4E9BD256364C6001BB1DB /* Charts.framework */; };
		BBF4E9C3256364D6001BB1DB /* Charts.framework in Embed Frameworks */ = {isa = PBXBuildFile; fileRef = BBF4E9BD256364C6001BB1DB /* Charts.framework */; settings = {ATTRIBUTES = (CodeSignOnCopy, RemoveHeadersOnCopy, ); }; };
/* End PBXBuildFile section */

/* Begin PBXContainerItemProxy section */
		BBF4E9BC256364C6001BB1DB /* PBXContainerItemProxy */ = {
			isa = PBXContainerItemProxy;
			containerPortal = BBF4E9B7256364C6001BB1DB /* Charts.xcodeproj */;
			proxyType = 2;
			remoteGlobalIDString = 65AD9E95D9ED4DC0BD73A743;
			remoteInfo = Charts;
		};
		BBF4E9BE256364C6001BB1DB /* PBXContainerItemProxy */ = {
			isa = PBXContainerItemProxy;
			containerPortal = BBF4E9B7256364C6001BB1DB /* Charts.xcodeproj */;
			proxyType = 2;
			remoteGlobalIDString = 1CBBC58C6CE1EBEE9852CE41;
			remoteInfo = ChartsTests;
		};
/* End PBXContainerItemProxy section */

/* Begin PBXCopyFilesBuildPhase section */
		BBC3C5D12562077B00E3FFFD /* Embed Frameworks */ = {
			isa = PBXCopyFilesBuildPhase;
			buildActionMask = 2147483647;
			dstPath = "";
			dstSubfolderSpec = 10;
			files = (
				BBF4E9C3256364D6001BB1DB /* Charts.framework in Embed Frameworks */,
			);
			name = "Embed Frameworks";
			runOnlyForDeploymentPostprocessing = 0;
		};
/* End PBXCopyFilesBuildPhase section */

/* Begin PBXFileReference section */
		BB776A9E2568C346006BDCEF /* BalloonMarker.swift */ = {isa = PBXFileReference; fileEncoding = 4; lastKnownFileType = sourcecode.swift; path = BalloonMarker.swift; sourceTree = "<group>"; };
		BB92BA0F256759E600D0FB13 /* PieChart.swift */ = {isa = PBXFileReference; lastKnownFileType = sourcecode.swift; path = PieChart.swift; sourceTree = "<group>"; };
		BB92BA1325676E8900D0FB13 /* SamplePieChartData.swift */ = {isa = PBXFileReference; lastKnownFileType = sourcecode.swift; path = SamplePieChartData.swift; sourceTree = "<group>"; };
		BB92BA1625679EBC00D0FB13 /* PCView.swift */ = {isa = PBXFileReference; lastKnownFileType = sourcecode.swift; path = PCView.swift; sourceTree = "<group>"; };
		BBC3C5AF2562029300E3FFFD /* Charts-SwiftUI.app */ = {isa = PBXFileReference; explicitFileType = wrapper.application; includeInIndex = 0; path = "Charts-SwiftUI.app"; sourceTree = BUILT_PRODUCTS_DIR; };
		BBC3C5B22562029300E3FFFD /* Charts_SwiftUIApp.swift */ = {isa = PBXFileReference; lastKnownFileType = sourcecode.swift; path = Charts_SwiftUIApp.swift; sourceTree = "<group>"; };
		BBC3C5B42562029300E3FFFD /* BCView.swift */ = {isa = PBXFileReference; lastKnownFileType = sourcecode.swift; path = BCView.swift; sourceTree = "<group>"; };
		BBC3C5B62562029400E3FFFD /* Assets.xcassets */ = {isa = PBXFileReference; lastKnownFileType = folder.assetcatalog; path = Assets.xcassets; sourceTree = "<group>"; };
		BBC3C5B92562029400E3FFFD /* Preview Assets.xcassets */ = {isa = PBXFileReference; lastKnownFileType = folder.assetcatalog; path = "Preview Assets.xcassets"; sourceTree = "<group>"; };
		BBC3C5BB2562029400E3FFFD /* Info.plist */ = {isa = PBXFileReference; lastKnownFileType = text.plist.xml; path = Info.plist; sourceTree = "<group>"; };
		BBC3C5D2256207F200E3FFFD /* BarChart.swift */ = {isa = PBXFileReference; lastKnownFileType = sourcecode.swift; path = BarChart.swift; sourceTree = "<group>"; };
		BBD53E4B256603F600C68F55 /* GroupedBarChart.swift */ = {isa = PBXFileReference; lastKnownFileType = sourcecode.swift; path = GroupedBarChart.swift; sourceTree = "<group>"; };
		BBD53E4D2566163600C68F55 /* SampleBarChartData.swift */ = {isa = PBXFileReference; lastKnownFileType = sourcecode.swift; path = SampleBarChartData.swift; sourceTree = "<group>"; };
		BBD8978D256857AA001404F3 /* TabbedStartView.swift */ = {isa = PBXFileReference; lastKnownFileType = sourcecode.swift; path = TabbedStartView.swift; sourceTree = "<group>"; };
		BBD8979325688AA3001404F3 /* LineChrtView.swift */ = {isa = PBXFileReference; lastKnownFileType = sourcecode.swift; path = LineChrtView.swift; sourceTree = "<group>"; };
		BBD8979725688B06001404F3 /* LineChart.swift */ = {isa = PBXFileReference; lastKnownFileType = sourcecode.swift; path = LineChart.swift; sourceTree = "<group>"; };
		BBF4266125662EBC00BCC31D /* GroupedBCView.swift */ = {isa = PBXFileReference; lastKnownFileType = sourcecode.swift; path = GroupedBCView.swift; sourceTree = "<group>"; };
		BBF4E9B7256364C6001BB1DB /* Charts.xcodeproj */ = {isa = PBXFileReference; lastKnownFileType = "wrapper.pb-project"; name = Charts.xcodeproj; path = "Charts-master/Charts.xcodeproj"; sourceTree = "<group>"; };
/* End PBXFileReference section */

/* Begin PBXFrameworksBuildPhase section */
		BBC3C5AC2562029300E3FFFD /* Frameworks */ = {
			isa = PBXFrameworksBuildPhase;
			buildActionMask = 2147483647;
			files = (
				BBF4E9C2256364D6001BB1DB /* Charts.framework in Frameworks */,
			);
			runOnlyForDeploymentPostprocessing = 0;
		};
/* End PBXFrameworksBuildPhase section */

/* Begin PBXGroup section */
		BB1E53D825684811005D906A /* Chart UIViews */ = {
			isa = PBXGroup;
			children = (
				BBC3C5D2256207F200E3FFFD /* BarChart.swift */,
				BBD53E4B256603F600C68F55 /* GroupedBarChart.swift */,
				BB92BA0F256759E600D0FB13 /* PieChart.swift */,
				BBD8979725688B06001404F3 /* LineChart.swift */,
			);
			path = "Chart UIViews";
			sourceTree = "<group>";
		};
		BB1E53DB25684835005D906A /* Models */ = {
			isa = PBXGroup;
			children = (
				BBD53E4D2566163600C68F55 /* SampleBarChartData.swift */,
				BB92BA1325676E8900D0FB13 /* SamplePieChartData.swift */,
			);
			path = Models;
			sourceTree = "<group>";
		};
		BB92BA1525679EA700D0FB13 /* Views */ = {
			isa = PBXGroup;
			children = (
				BB776A9E2568C346006BDCEF /* BalloonMarker.swift */,
				BBD8978D256857AA001404F3 /* TabbedStartView.swift */,
				BBC3C5B42562029300E3FFFD /* BCView.swift */,
				BBF4266125662EBC00BCC31D /* GroupedBCView.swift */,
				BB92BA1625679EBC00D0FB13 /* PCView.swift */,
				BBD8979325688AA3001404F3 /* LineChrtView.swift */,
			);
			path = Views;
			sourceTree = "<group>";
		};
		BBC3C5A62562029200E3FFFD = {
			isa = PBXGroup;
			children = (
				BBC3C5B12562029300E3FFFD /* Charts-SwiftUI */,
				BBC3C5B02562029300E3FFFD /* Products */,
				BBC3C5CE2562077B00E3FFFD /* Frameworks */,
			);
			sourceTree = "<group>";
		};
		BBC3C5B02562029300E3FFFD /* Products */ = {
			isa = PBXGroup;
			children = (
				BBC3C5AF2562029300E3FFFD /* Charts-SwiftUI.app */,
			);
			name = Products;
			sourceTree = "<group>";
		};
		BBC3C5B12562029300E3FFFD /* Charts-SwiftUI */ = {
			isa = PBXGroup;
			children = (
				BBF4E9B7256364C6001BB1DB /* Charts.xcodeproj */,
				BBC3C5B22562029300E3FFFD /* Charts_SwiftUIApp.swift */,
				BB92BA1525679EA700D0FB13 /* Views */,
				BB1E53DB25684835005D906A /* Models */,
				BB1E53D825684811005D906A /* Chart UIViews */,
				BBC3C5B62562029400E3FFFD /* Assets.xcassets */,
				BBC3C5BB2562029400E3FFFD /* Info.plist */,
				BBC3C5B82562029400E3FFFD /* Preview Content */,
			);
			path = "Charts-SwiftUI";
			sourceTree = "<group>";
		};
		BBC3C5B82562029400E3FFFD /* Preview Content */ = {
			isa = PBXGroup;
			children = (
				BBC3C5B92562029400E3FFFD /* Preview Assets.xcassets */,
			);
			path = "Preview Content";
			sourceTree = "<group>";
		};
		BBC3C5CE2562077B00E3FFFD /* Frameworks */ = {
			isa = PBXGroup;
			children = (
			);
			name = Frameworks;
			sourceTree = "<group>";
		};
		BBF4E9B8256364C6001BB1DB /* Products */ = {
			isa = PBXGroup;
			children = (
				BBF4E9BD256364C6001BB1DB /* Charts.framework */,
				BBF4E9BF256364C6001BB1DB /* ChartsTests.xctest */,
			);
			name = Products;
			sourceTree = "<group>";
		};
/* End PBXGroup section */

/* Begin PBXNativeTarget section */
		BBC3C5AE2562029300E3FFFD /* Charts-SwiftUI */ = {
			isa = PBXNativeTarget;
			buildConfigurationList = BBC3C5BE2562029400E3FFFD /* Build configuration list for PBXNativeTarget "Charts-SwiftUI" */;
			buildPhases = (
				BBC3C5AB2562029300E3FFFD /* Sources */,
				BBC3C5AC2562029300E3FFFD /* Frameworks */,
				BBC3C5AD2562029300E3FFFD /* Resources */,
				BBC3C5D12562077B00E3FFFD /* Embed Frameworks */,
			);
			buildRules = (
			);
			dependencies = (
			);
			name = "Charts-SwiftUI";
			productName = "Charts-SwiftUI";
			productReference = BBC3C5AF2562029300E3FFFD /* Charts-SwiftUI.app */;
			productType = "com.apple.product-type.application";
		};
/* End PBXNativeTarget section */

/* Begin PBXProject section */
		BBC3C5A72562029200E3FFFD /* Project object */ = {
			isa = PBXProject;
			attributes = {
				LastSwiftUpdateCheck = 1220;
				LastUpgradeCheck = 1220;
				TargetAttributes = {
					BBC3C5AE2562029300E3FFFD = {
						CreatedOnToolsVersion = 12.2;
					};
				};
			};
			buildConfigurationList = BBC3C5AA2562029300E3FFFD /* Build configuration list for PBXProject "Charts-SwiftUI" */;
			compatibilityVersion = "Xcode 9.3";
			developmentRegion = en;
			hasScannedForEncodings = 0;
			knownRegions = (
				en,
				Base,
			);
			mainGroup = BBC3C5A62562029200E3FFFD;
			productRefGroup = BBC3C5B02562029300E3FFFD /* Products */;
			projectDirPath = "";
			projectReferences = (
				{
					ProductGroup = BBF4E9B8256364C6001BB1DB /* Products */;
					ProjectRef = BBF4E9B7256364C6001BB1DB /* Charts.xcodeproj */;
				},
			);
			projectRoot = "";
			targets = (
				BBC3C5AE2562029300E3FFFD /* Charts-SwiftUI */,
			);
		};
/* End PBXProject section */

/* Begin PBXReferenceProxy section */
		BBF4E9BD256364C6001BB1DB /* Charts.framework */ = {
			isa = PBXReferenceProxy;
			fileType = wrapper.framework;
			path = Charts.framework;
			remoteRef = BBF4E9BC256364C6001BB1DB /* PBXContainerItemProxy */;
			sourceTree = BUILT_PRODUCTS_DIR;
		};
		BBF4E9BF256364C6001BB1DB /* ChartsTests.xctest */ = {
			isa = PBXReferenceProxy;
			fileType = wrapper.cfbundle;
			path = ChartsTests.xctest;
			remoteRef = BBF4E9BE256364C6001BB1DB /* PBXContainerItemProxy */;
			sourceTree = BUILT_PRODUCTS_DIR;
		};
/* End PBXReferenceProxy section */

/* Begin PBXResourcesBuildPhase section */
		BBC3C5AD2562029300E3FFFD /* Resources */ = {
			isa = PBXResourcesBuildPhase;
			buildActionMask = 2147483647;
			files = (
				BBC3C5BA2562029400E3FFFD /* Preview Assets.xcassets in Resources */,
				BBC3C5B72562029400E3FFFD /* Assets.xcassets in Resources */,
			);
			runOnlyForDeploymentPostprocessing = 0;
		};
/* End PBXResourcesBuildPhase section */

/* Begin PBXSourcesBuildPhase section */
		BBC3C5AB2562029300E3FFFD /* Sources */ = {
			isa = PBXSourcesBuildPhase;
			buildActionMask = 2147483647;
			files = (
				BBF4266225662EBC00BCC31D /* GroupedBCView.swift in Sources */,
				BBC3C5B52562029300E3FFFD /* BCView.swift in Sources */,
				BBD53E4C256603F600C68F55 /* GroupedBarChart.swift in Sources */,
				BBD8978E256857AA001404F3 /* TabbedStartView.swift in Sources */,
				BB776AA12568C346006BDCEF /* BalloonMarker.swift in Sources */,
				BB92BA10256759E600D0FB13 /* PieChart.swift in Sources */,
				BBC3C5D3256207F200E3FFFD /* BarChart.swift in Sources */,
				BBC3C5B32562029300E3FFFD /* Charts_SwiftUIApp.swift in Sources */,
				BBD53E4E2566163600C68F55 /* SampleBarChartData.swift in Sources */,
				BBD8979825688B06001404F3 /* LineChart.swift in Sources */,
				BB92BA1425676E8900D0FB13 /* SamplePieChartData.swift in Sources */,
				BBD8979425688AA3001404F3 /* LineChrtView.swift in Sources */,
				BB92BA1725679EBC00D0FB13 /* PCView.swift in Sources */,
			);
			runOnlyForDeploymentPostprocessing = 0;
		};
/* End PBXSourcesBuildPhase section */

/* Begin XCBuildConfiguration section */
		BBC3C5BC2562029400E3FFFD /* Debug */ = {
			isa = XCBuildConfiguration;
			buildSettings = {
				ALWAYS_SEARCH_USER_PATHS = NO;
				CLANG_ANALYZER_NONNULL = YES;
				CLANG_ANALYZER_NUMBER_OBJECT_CONVERSION = YES_AGGRESSIVE;
				CLANG_CXX_LANGUAGE_STANDARD = "gnu++14";
				CLANG_CXX_LIBRARY = "libc++";
				CLANG_ENABLE_MODULES = YES;
				CLANG_ENABLE_OBJC_ARC = YES;
				CLANG_ENABLE_OBJC_WEAK = YES;
				CLANG_WARN_BLOCK_CAPTURE_AUTORELEASING = YES;
				CLANG_WARN_BOOL_CONVERSION = YES;
				CLANG_WARN_COMMA = YES;
				CLANG_WARN_CONSTANT_CONVERSION = YES;
				CLANG_WARN_DEPRECATED_OBJC_IMPLEMENTATIONS = YES;
				CLANG_WARN_DIRECT_OBJC_ISA_USAGE = YES_ERROR;
				CLANG_WARN_DOCUMENTATION_COMMENTS = YES;
				CLANG_WARN_EMPTY_BODY = YES;
				CLANG_WARN_ENUM_CONVERSION = YES;
				CLANG_WARN_INFINITE_RECURSION = YES;
				CLANG_WARN_INT_CONVERSION = YES;
				CLANG_WARN_NON_LITERAL_NULL_CONVERSION = YES;
				CLANG_WARN_OBJC_IMPLICIT_RETAIN_SELF = YES;
				CLANG_WARN_OBJC_LITERAL_CONVERSION = YES;
				CLANG_WARN_OBJC_ROOT_CLASS = YES_ERROR;
				CLANG_WARN_QUOTED_INCLUDE_IN_FRAMEWORK_HEADER = YES;
				CLANG_WARN_RANGE_LOOP_ANALYSIS = YES;
				CLANG_WARN_STRICT_PROTOTYPES = YES;
				CLANG_WARN_SUSPICIOUS_MOVE = YES;
				CLANG_WARN_UNGUARDED_AVAILABILITY = YES_AGGRESSIVE;
				CLANG_WARN_UNREACHABLE_CODE = YES;
				CLANG_WARN__DUPLICATE_METHOD_MATCH = YES;
				COPY_PHASE_STRIP = NO;
				DEBUG_INFORMATION_FORMAT = dwarf;
				ENABLE_STRICT_OBJC_MSGSEND = YES;
				ENABLE_TESTABILITY = YES;
				GCC_C_LANGUAGE_STANDARD = gnu11;
				GCC_DYNAMIC_NO_PIC = NO;
				GCC_NO_COMMON_BLOCKS = YES;
				GCC_OPTIMIZATION_LEVEL = 0;
				GCC_PREPROCESSOR_DEFINITIONS = (
					"DEBUG=1",
					"$(inherited)",
				);
				GCC_WARN_64_TO_32_BIT_CONVERSION = YES;
				GCC_WARN_ABOUT_RETURN_TYPE = YES_ERROR;
				GCC_WARN_UNDECLARED_SELECTOR = YES;
				GCC_WARN_UNINITIALIZED_AUTOS = YES_AGGRESSIVE;
				GCC_WARN_UNUSED_FUNCTION = YES;
				GCC_WARN_UNUSED_VARIABLE = YES;
				IPHONEOS_DEPLOYMENT_TARGET = 14.2;
				MTL_ENABLE_DEBUG_INFO = INCLUDE_SOURCE;
				MTL_FAST_MATH = YES;
				ONLY_ACTIVE_ARCH = YES;
				SDKROOT = iphoneos;
				SWIFT_ACTIVE_COMPILATION_CONDITIONS = DEBUG;
				SWIFT_OPTIMIZATION_LEVEL = "-Onone";
			};
			name = Debug;
		};
		BBC3C5BD2562029400E3FFFD /* Release */ = {
			isa = XCBuildConfiguration;
			buildSettings = {
				ALWAYS_SEARCH_USER_PATHS = NO;
				CLANG_ANALYZER_NONNULL = YES;
				CLANG_ANALYZER_NUMBER_OBJECT_CONVERSION = YES_AGGRESSIVE;
				CLANG_CXX_LANGUAGE_STANDARD = "gnu++14";
				CLANG_CXX_LIBRARY = "libc++";
				CLANG_ENABLE_MODULES = YES;
				CLANG_ENABLE_OBJC_ARC = YES;
				CLANG_ENABLE_OBJC_WEAK = YES;
				CLANG_WARN_BLOCK_CAPTURE_AUTORELEASING = YES;
				CLANG_WARN_BOOL_CONVERSION = YES;
				CLANG_WARN_COMMA = YES;
				CLANG_WARN_CONSTANT_CONVERSION = YES;
				CLANG_WARN_DEPRECATED_OBJC_IMPLEMENTATIONS = YES;
				CLANG_WARN_DIRECT_OBJC_ISA_USAGE = YES_ERROR;
				CLANG_WARN_DOCUMENTATION_COMMENTS = YES;
				CLANG_WARN_EMPTY_BODY = YES;
				CLANG_WARN_ENUM_CONVERSION = YES;
				CLANG_WARN_INFINITE_RECURSION = YES;
				CLANG_WARN_INT_CONVERSION = YES;
				CLANG_WARN_NON_LITERAL_NULL_CONVERSION = YES;
				CLANG_WARN_OBJC_IMPLICIT_RETAIN_SELF = YES;
				CLANG_WARN_OBJC_LITERAL_CONVERSION = YES;
				CLANG_WARN_OBJC_ROOT_CLASS = YES_ERROR;
				CLANG_WARN_QUOTED_INCLUDE_IN_FRAMEWORK_HEADER = YES;
				CLANG_WARN_RANGE_LOOP_ANALYSIS = YES;
				CLANG_WARN_STRICT_PROTOTYPES = YES;
				CLANG_WARN_SUSPICIOUS_MOVE = YES;
				CLANG_WARN_UNGUARDED_AVAILABILITY = YES_AGGRESSIVE;
				CLANG_WARN_UNREACHABLE_CODE = YES;
				CLANG_WARN__DUPLICATE_METHOD_MATCH = YES;
				COPY_PHASE_STRIP = NO;
				DEBUG_INFORMATION_FORMAT = "dwarf-with-dsym";
				ENABLE_NS_ASSERTIONS = NO;
				ENABLE_STRICT_OBJC_MSGSEND = YES;
				GCC_C_LANGUAGE_STANDARD = gnu11;
				GCC_NO_COMMON_BLOCKS = YES;
				GCC_WARN_64_TO_32_BIT_CONVERSION = YES;
				GCC_WARN_ABOUT_RETURN_TYPE = YES_ERROR;
				GCC_WARN_UNDECLARED_SELECTOR = YES;
				GCC_WARN_UNINITIALIZED_AUTOS = YES_AGGRESSIVE;
				GCC_WARN_UNUSED_FUNCTION = YES;
				GCC_WARN_UNUSED_VARIABLE = YES;
				IPHONEOS_DEPLOYMENT_TARGET = 14.2;
				MTL_ENABLE_DEBUG_INFO = NO;
				MTL_FAST_MATH = YES;
				SDKROOT = iphoneos;
				SWIFT_COMPILATION_MODE = wholemodule;
				SWIFT_OPTIMIZATION_LEVEL = "-O";
				VALIDATE_PRODUCT = YES;
			};
			name = Release;
		};
		BBC3C5BF2562029400E3FFFD /* Debug */ = {
			isa = XCBuildConfiguration;
			buildSettings = {
				ASSETCATALOG_COMPILER_APPICON_NAME = AppIcon;
				ASSETCATALOG_COMPILER_GLOBAL_ACCENT_COLOR_NAME = AccentColor;
				CODE_SIGN_STYLE = Automatic;
				DEVELOPMENT_ASSET_PATHS = "\"Charts-SwiftUI/Preview Content\"";
				DEVELOPMENT_TEAM = RKV4UP49S6;
				ENABLE_PREVIEWS = YES;
				INFOPLIST_FILE = "Charts-SwiftUI/Info.plist";
				IPHONEOS_DEPLOYMENT_TARGET = 14.0;
				LD_RUNPATH_SEARCH_PATHS = (
					"$(inherited)",
					"@executable_path/Frameworks",
				);
				PRODUCT_BUNDLE_IDENTIFIER = "com.createchsol.Charts-SwiftUI";
				PRODUCT_NAME = "$(TARGET_NAME)";
				SWIFT_VERSION = 5.0;
				TARGETED_DEVICE_FAMILY = "1,2";
			};
			name = Debug;
		};
		BBC3C5C02562029400E3FFFD /* Release */ = {
			isa = XCBuildConfiguration;
			buildSettings = {
				ASSETCATALOG_COMPILER_APPICON_NAME = AppIcon;
				ASSETCATALOG_COMPILER_GLOBAL_ACCENT_COLOR_NAME = AccentColor;
				CODE_SIGN_STYLE = Automatic;
				DEVELOPMENT_ASSET_PATHS = "\"Charts-SwiftUI/Preview Content\"";
				DEVELOPMENT_TEAM = RKV4UP49S6;
				ENABLE_PREVIEWS = YES;
				INFOPLIST_FILE = "Charts-SwiftUI/Info.plist";
				IPHONEOS_DEPLOYMENT_TARGET = 14.0;
				LD_RUNPATH_SEARCH_PATHS = (
					"$(inherited)",
					"@executable_path/Frameworks",
				);
				PRODUCT_BUNDLE_IDENTIFIER = "com.createchsol.Charts-SwiftUI";
				PRODUCT_NAME = "$(TARGET_NAME)";
				SWIFT_VERSION = 5.0;
				TARGETED_DEVICE_FAMILY = "1,2";
			};
			name = Release;
		};
/* End XCBuildConfiguration section */

/* Begin XCConfigurationList section */
		BBC3C5AA2562029300E3FFFD /* Build configuration list for PBXProject "Charts-SwiftUI" */ = {
			isa = XCConfigurationList;
			buildConfigurations = (
				BBC3C5BC2562029400E3FFFD /* Debug */,
				BBC3C5BD2562029400E3FFFD /* Release */,
			);
			defaultConfigurationIsVisible = 0;
			defaultConfigurationName = Release;
		};
		BBC3C5BE2562029400E3FFFD /* Build configuration list for PBXNativeTarget "Charts-SwiftUI" */ = {
			isa = XCConfigurationList;
			buildConfigurations = (
				BBC3C5BF2562029400E3FFFD /* Debug */,
				BBC3C5C02562029400E3FFFD /* Release */,
			);
			defaultConfigurationIsVisible = 0;
			defaultConfigurationName = Release;
		};
/* End XCConfigurationList section */
	};
	rootObject = BBC3C5A72562029200E3FFFD /* Project object */;
}
